
Microsoft Visual Studio Solution File, Format Version 12.00
# Visual Studio Version 16
VisualStudioVersion = 16.0.29123.88
MinimumVisualStudioVersion = 10.0.40219.1
Project("{9A19103F-16F7-4668-BE54-9A1E7A4F7556}") = "PlaynitePlugins", "PlaynitePlugins\PlaynitePlugins.csproj", "{937CE7FD-3F63-42C8-9AC3-49E397E94EB1}"
EndProject
Project("{2150E333-8FDC-42A3-9474-1A3956D46DE8}") = "Plugins", "Plugins", "{F37C5660-F038-4E32-92FB-2187AF2505C2}"
EndProject
Project("{2150E333-8FDC-42A3-9474-1A3956D46DE8}") = "BattleNetLibrary", "BattleNetLibrary", "{688C0D43-9DB6-49FE-AD86-A0A5DEBE0B56}"
EndProject
Project("{FAE04EC0-301F-11D3-BF4B-00C04F79EFBC}") = "BattleNetLibrary", "Plugins\BattleNetLibrary\BattleNetLibrary.csproj", "{E74F843D-39EF-409A-B3FB-341F486A4F97}"
EndProject
Project("{9A19103F-16F7-4668-BE54-9A1E7A4F7556}") = "Playnite.SDK.NetStandard", "Playnite.SDK.NetStandard\Playnite.SDK.NetStandard.csproj", "{2162DEFB-0B07-4CF1-8883-A9C62B4C6141}"
EndProject
Project("{9A19103F-16F7-4668-BE54-9A1E7A4F7556}") = "Playnite.Common.NetStandard", "Playnite.Common.NetStandard\Playnite.Common.NetStandard.csproj", "{C05D1876-9E69-494C-B491-8B592F58603E}"
EndProject
Project("{9A19103F-16F7-4668-BE54-9A1E7A4F7556}") = "BattleNetLibrary.NetCore", "Plugins\BattleNetLibraryCore\BattleNetLibrary.NetCore.csproj", "{D55C26BD-3B6F-47DD-905A-C331A3F784E0}"
EndProject
Project("{2150E333-8FDC-42A3-9474-1A3956D46DE8}") = "EpicLibrary", "EpicLibrary", "{8AECE86A-EDDC-4EA6-9DFD-A78B469CEAA1}"
EndProject
Project("{FAE04EC0-301F-11D3-BF4B-00C04F79EFBC}") = "EpicLibrary", "Plugins\EpicLibrary\EpicLibrary.csproj", "{2FD110FE-F936-4768-AE66-55EC7A60989A}"
EndProject
Project("{9A19103F-16F7-4668-BE54-9A1E7A4F7556}") = "EpicLibraryCore", "Plugins\EpicLibraryCore\EpicLibraryCore.csproj", "{4F7BCB8E-F83B-4F97-8A0A-E36EDF72AED0}"
EndProject
Project("{2150E333-8FDC-42A3-9474-1A3956D46DE8}") = "OriginLibrary", "OriginLibrary", "{96B50E50-8D5F-43B5-9AD4-AF2E2689809A}"
EndProject
Project("{FAE04EC0-301F-11D3-BF4B-00C04F79EFBC}") = "OriginLibrary", "Plugins\OriginLibrary\OriginLibrary.csproj", "{D0EFC813-C836-4167-A120-2DE785E140A1}"
EndProject
Project("{9A19103F-16F7-4668-BE54-9A1E7A4F7556}") = "OriginLibraryCore", "Plugins\OriginLibraryCore\OriginLibraryCore.csproj", "{AAA94441-7107-4CA0-9654-44048105AE6C}"
EndProject
Project("{2150E333-8FDC-42A3-9474-1A3956D46DE8}") = "SteamLibrary", "SteamLibrary", "{40FE1DF2-9CE6-4675-94AE-4B44A42A819E}"
EndProject
Project("{FAE04EC0-301F-11D3-BF4B-00C04F79EFBC}") = "SteamLibrary", "Plugins\SteamLibrary\SteamLibrary.csproj", "{0A13CBC8-ECD4-4B9F-961E-E6462F7D2DC0}"
EndProject
Project("{9A19103F-16F7-4668-BE54-9A1E7A4F7556}") = "SteamLibraryCore", "Plugins\SteamLibraryCore\SteamLibraryCore.csproj", "{6F60BB70-C30D-4210-8B32-9748290F3A63}"
EndProject
Project("{9A19103F-16F7-4668-BE54-9A1E7A4F7556}") = "PlayniteCore", "PlayniteCore\PlayniteCore.csproj", "{DD791317-7031-43E1-A3D9-8173E18901A1}"
EndProject
Project("{2150E333-8FDC-42A3-9474-1A3956D46DE8}") = "RiotLibrary", "RiotLibrary", "{33845FE3-7670-430E-8778-B7D37A4514A5}"
EndProject
Project("{FAE04EC0-301F-11D3-BF4B-00C04F79EFBC}") = "RiotLibraryCore", "Plugins\RiotLibraryCore\RiotLibraryCore.csproj", "{0DFFE79B-E779-4E5B-950B-7531E2131BC2}"
EndProject
Global
	GlobalSection(SolutionConfigurationPlatforms) = preSolution
		Debug|Any CPU = Debug|Any CPU
		Release|Any CPU = Release|Any CPU
	EndGlobalSection
	GlobalSection(ProjectConfigurationPlatforms) = postSolution
		{937CE7FD-3F63-42C8-9AC3-49E397E94EB1}.Debug|Any CPU.ActiveCfg = Debug|Any CPU
		{937CE7FD-3F63-42C8-9AC3-49E397E94EB1}.Debug|Any CPU.Build.0 = Debug|Any CPU
		{937CE7FD-3F63-42C8-9AC3-49E397E94EB1}.Release|Any CPU.ActiveCfg = Release|Any CPU
		{937CE7FD-3F63-42C8-9AC3-49E397E94EB1}.Release|Any CPU.Build.0 = Release|Any CPU
		{E74F843D-39EF-409A-B3FB-341F486A4F97}.Debug|Any CPU.ActiveCfg = Debug|Any CPU
		{E74F843D-39EF-409A-B3FB-341F486A4F97}.Debug|Any CPU.Build.0 = Debug|Any CPU
		{E74F843D-39EF-409A-B3FB-341F486A4F97}.Release|Any CPU.ActiveCfg = Release|Any CPU
		{E74F843D-39EF-409A-B3FB-341F486A4F97}.Release|Any CPU.Build.0 = Release|Any CPU
		{2162DEFB-0B07-4CF1-8883-A9C62B4C6141}.Debug|Any CPU.ActiveCfg = Debug|Any CPU
		{2162DEFB-0B07-4CF1-8883-A9C62B4C6141}.Debug|Any CPU.Build.0 = Debug|Any CPU
		{2162DEFB-0B07-4CF1-8883-A9C62B4C6141}.Release|Any CPU.ActiveCfg = Release|Any CPU
		{2162DEFB-0B07-4CF1-8883-A9C62B4C6141}.Release|Any CPU.Build.0 = Release|Any CPU
		{C05D1876-9E69-494C-B491-8B592F58603E}.Debug|Any CPU.ActiveCfg = Debug|Any CPU
		{C05D1876-9E69-494C-B491-8B592F58603E}.Debug|Any CPU.Build.0 = Debug|Any CPU
		{C05D1876-9E69-494C-B491-8B592F58603E}.Release|Any CPU.ActiveCfg = Release|Any CPU
		{C05D1876-9E69-494C-B491-8B592F58603E}.Release|Any CPU.Build.0 = Release|Any CPU
		{D55C26BD-3B6F-47DD-905A-C331A3F784E0}.Debug|Any CPU.ActiveCfg = Debug|Any CPU
		{D55C26BD-3B6F-47DD-905A-C331A3F784E0}.Debug|Any CPU.Build.0 = Debug|Any CPU
		{D55C26BD-3B6F-47DD-905A-C331A3F784E0}.Release|Any CPU.ActiveCfg = Release|Any CPU
		{D55C26BD-3B6F-47DD-905A-C331A3F784E0}.Release|Any CPU.Build.0 = Release|Any CPU
		{2FD110FE-F936-4768-AE66-55EC7A60989A}.Debug|Any CPU.ActiveCfg = Debug|Any CPU
		{2FD110FE-F936-4768-AE66-55EC7A60989A}.Debug|Any CPU.Build.0 = Debug|Any CPU
		{2FD110FE-F936-4768-AE66-55EC7A60989A}.Release|Any CPU.ActiveCfg = Release|Any CPU
		{2FD110FE-F936-4768-AE66-55EC7A60989A}.Release|Any CPU.Build.0 = Release|Any CPU
		{4F7BCB8E-F83B-4F97-8A0A-E36EDF72AED0}.Debug|Any CPU.ActiveCfg = Debug|Any CPU
		{4F7BCB8E-F83B-4F97-8A0A-E36EDF72AED0}.Debug|Any CPU.Build.0 = Debug|Any CPU
		{4F7BCB8E-F83B-4F97-8A0A-E36EDF72AED0}.Release|Any CPU.ActiveCfg = Release|Any CPU
		{4F7BCB8E-F83B-4F97-8A0A-E36EDF72AED0}.Release|Any CPU.Build.0 = Release|Any CPU
		{D0EFC813-C836-4167-A120-2DE785E140A1}.Debug|Any CPU.ActiveCfg = Debug|Any CPU
		{D0EFC813-C836-4167-A120-2DE785E140A1}.Debug|Any CPU.Build.0 = Debug|Any CPU
		{D0EFC813-C836-4167-A120-2DE785E140A1}.Release|Any CPU.ActiveCfg = Release|Any CPU
		{D0EFC813-C836-4167-A120-2DE785E140A1}.Release|Any CPU.Build.0 = Release|Any CPU
		{AAA94441-7107-4CA0-9654-44048105AE6C}.Debug|Any CPU.ActiveCfg = Debug|Any CPU
		{AAA94441-7107-4CA0-9654-44048105AE6C}.Debug|Any CPU.Build.0 = Debug|Any CPU
		{AAA94441-7107-4CA0-9654-44048105AE6C}.Release|Any CPU.ActiveCfg = Release|Any CPU
		{AAA94441-7107-4CA0-9654-44048105AE6C}.Release|Any CPU.Build.0 = Release|Any CPU
		{0A13CBC8-ECD4-4B9F-961E-E6462F7D2DC0}.Debug|Any CPU.ActiveCfg = Debug|Any CPU
		{0A13CBC8-ECD4-4B9F-961E-E6462F7D2DC0}.Debug|Any CPU.Build.0 = Debug|Any CPU
		{0A13CBC8-ECD4-4B9F-961E-E6462F7D2DC0}.Release|Any CPU.ActiveCfg = Release|Any CPU
		{0A13CBC8-ECD4-4B9F-961E-E6462F7D2DC0}.Release|Any CPU.Build.0 = Release|Any CPU
		{6F60BB70-C30D-4210-8B32-9748290F3A63}.Debug|Any CPU.ActiveCfg = Debug|Any CPU
		{6F60BB70-C30D-4210-8B32-9748290F3A63}.Debug|Any CPU.Build.0 = Debug|Any CPU
		{6F60BB70-C30D-4210-8B32-9748290F3A63}.Release|Any CPU.ActiveCfg = Release|Any CPU
		{6F60BB70-C30D-4210-8B32-9748290F3A63}.Release|Any CPU.Build.0 = Release|Any CPU
		{DD791317-7031-43E1-A3D9-8173E18901A1}.Debug|Any CPU.ActiveCfg = Debug|Any CPU
		{DD791317-7031-43E1-A3D9-8173E18901A1}.Debug|Any CPU.Build.0 = Debug|Any CPU
		{DD791317-7031-43E1-A3D9-8173E18901A1}.Release|Any CPU.ActiveCfg = Release|Any CPU
		{DD791317-7031-43E1-A3D9-8173E18901A1}.Release|Any CPU.Build.0 = Release|Any CPU
		{0DFFE79B-E779-4E5B-950B-7531E2131BC2}.Debug|Any CPU.ActiveCfg = Debug|Any CPU
		{0DFFE79B-E779-4E5B-950B-7531E2131BC2}.Debug|Any CPU.Build.0 = Debug|Any CPU
		{0DFFE79B-E779-4E5B-950B-7531E2131BC2}.Release|Any CPU.ActiveCfg = Release|Any CPU
		{0DFFE79B-E779-4E5B-950B-7531E2131BC2}.Release|Any CPU.Build.0 = Release|Any CPU
	EndGlobalSection
	GlobalSection(SolutionProperties) = preSolution
		HideSolutionNode = FALSE
	EndGlobalSection
	GlobalSection(NestedProjects) = preSolution
		{688C0D43-9DB6-49FE-AD86-A0A5DEBE0B56} = {F37C5660-F038-4E32-92FB-2187AF2505C2}
		{E74F843D-39EF-409A-B3FB-341F486A4F97} = {688C0D43-9DB6-49FE-AD86-A0A5DEBE0B56}
		{D55C26BD-3B6F-47DD-905A-C331A3F784E0} = {688C0D43-9DB6-49FE-AD86-A0A5DEBE0B56}
		{8AECE86A-EDDC-4EA6-9DFD-A78B469CEAA1} = {F37C5660-F038-4E32-92FB-2187AF2505C2}
		{2FD110FE-F936-4768-AE66-55EC7A60989A} = {8AECE86A-EDDC-4EA6-9DFD-A78B469CEAA1}
		{4F7BCB8E-F83B-4F97-8A0A-E36EDF72AED0} = {8AECE86A-EDDC-4EA6-9DFD-A78B469CEAA1}
		{96B50E50-8D5F-43B5-9AD4-AF2E2689809A} = {F37C5660-F038-4E32-92FB-2187AF2505C2}
		{D0EFC813-C836-4167-A120-2DE785E140A1} = {96B50E50-8D5F-43B5-9AD4-AF2E2689809A}
		{AAA94441-7107-4CA0-9654-44048105AE6C} = {96B50E50-8D5F-43B5-9AD4-AF2E2689809A}
		{40FE1DF2-9CE6-4675-94AE-4B44A42A819E} = {F37C5660-F038-4E32-92FB-2187AF2505C2}
		{0A13CBC8-ECD4-4B9F-961E-E6462F7D2DC0} = {40FE1DF2-9CE6-4675-94AE-4B44A42A819E}
		{6F60BB70-C30D-4210-8B32-9748290F3A63} = {40FE1DF2-9CE6-4675-94AE-4B44A42A819E}
		{33845FE3-7670-430E-8778-B7D37A4514A5} = {F37C5660-F038-4E32-92FB-2187AF2505C2}
		{0DFFE79B-E779-4E5B-950B-7531E2131BC2} = {33845FE3-7670-430E-8778-B7D37A4514A5}
	EndGlobalSection
	GlobalSection(ExtensibilityGlobals) = postSolution
		SolutionGuid = {75263A19-1AC9-43B7-B76D-A8DC3217F47A}
	EndGlobalSection
EndGlobal
